
Microsoft Visual Studio Solution File, Format Version 12.00
# Visual Studio Version 17
VisualStudioVersion = 17.14.36121.58
MinimumVisualStudioVersion = 10.0.40219.1
Project("{FAE04EC0-301F-11D3-BF4B-00C04F79EFBC}") = "Trabalho01", "Trabalho01\Trabalho01.csproj", "{067D3B8D-641D-45BB-9970-BB13D30BAB2E}"
EndProject
Project("{FAE04EC0-301F-11D3-BF4B-00C04F79EFBC}") = "Trabalho08", "Trabalho8\Trabalho08.csproj", "{4ACD76D6-B2A7-4D2E-A61D-179C3BFCCCB2}"
EndProject
Project("{FAE04EC0-301F-11D3-BF4B-00C04F79EFBC}") = "Trabalho09", "Trabalho09\Trabalho09.csproj", "{BF251715-BDA4-4E14-B0D4-43604A4E0795}"
EndProject
Project("{FAE04EC0-301F-11D3-BF4B-00C04F79EFBC}") = "Trabalho10", "Trabalho10\Trabalho10.csproj", "{86DE321D-2AAB-40A9-BDA7-244D18152FF7}"
EndProject
Project("{FAE04EC0-301F-11D3-BF4B-00C04F79EFBC}") = "Trabalho11", "Trabalho11\Trabalho11.csproj", "{E8294534-E811-43FA-8711-8F0386A62D54}"
EndProject
Project("{FAE04EC0-301F-11D3-BF4B-00C04F79EFBC}") = "Trabalho12", "Trabalho12\Trabalho12.csproj", "{7BA15A60-DBF0-4158-B5A1-EFA3376D0C16}"
EndProject
Project("{FAE04EC0-301F-11D3-BF4B-00C04F79EFBC}") = "Trabalho13", "Trabalho13\Trabalho13.csproj", "{36F9F369-8D35-4D17-A622-D77DC4672EA2}"
EndProject
Project("{FAE04EC0-301F-11D3-BF4B-00C04F79EFBC}") = "Trabalho14", "Trabalho14\Trabalho14.csproj", "{E593E4F1-6E82-439D-8733-1E2F6C73E5D0}"
EndProject
Project("{FAE04EC0-301F-11D3-BF4B-00C04F79EFBC}") = "Trabalho15", "Trabalho15\Trabalho15.csproj", "{4B7EBA2A-20A7-4B40-97BF-0F79407C2DBF}"
EndProject
Project("{FAE04EC0-301F-11D3-BF4B-00C04F79EFBC}") = "Trabalho16", "Trabalho16\Trabalho16.csproj", "{757F263A-AC24-4E20-9282-827DFAC10C28}"
EndProject
Project("{FAE04EC0-301F-11D3-BF4B-00C04F79EFBC}") = "Trabalho17", "Trabalho17\Trabalho17.csproj", "{F3B273E8-CAAD-4AB1-8AB2-EB4C535404B0}"
EndProject
Project("{FAE04EC0-301F-11D3-BF4B-00C04F79EFBC}") = "Trabalho19", "Trabalho19\Trabalho19.csproj", "{9F92FC4F-6F37-4055-AA71-9EC8042451B7}"
EndProject
Project("{FAE04EC0-301F-11D3-BF4B-00C04F79EFBC}") = "Trabalho20", "Trabalho20\Trabalho20.csproj", "{C785C162-5972-4953-8341-04A74C507E9E}"
EndProject
Project("{FAE04EC0-301F-11D3-BF4B-00C04F79EFBC}") = "Trabalho21", "Trabalho21\Trabalho21.csproj", "{CC1A5ED8-F28D-48FC-9958-987C51FF7759}"
EndProject
Project("{FAE04EC0-301F-11D3-BF4B-00C04F79EFBC}") = "Trabalho22", "Trabalho22\Trabalho22.csproj", "{41A2D170-3DA9-4880-8338-57310F9F1265}"
EndProject
Project("{FAE04EC0-301F-11D3-BF4B-00C04F79EFBC}") = "Trabalho23", "Trabalho23\Trabalho23.csproj", "{F1F0F3E9-61D5-4026-AA6D-D336C21F91DA}"
EndProject
Project("{FAE04EC0-301F-11D3-BF4B-00C04F79EFBC}") = "Trabalho24", "Trabalho24\Trabalho24.csproj", "{F975F688-DDB4-40B2-885D-5A45348FDBF9}"
EndProject
Project("{FAE04EC0-301F-11D3-BF4B-00C04F79EFBC}") = "Trabalho25", "Trabalho25\Trabalho25.csproj", "{5CACE8BD-7E99-4F40-A761-A64CDA3049A2}"
EndProject
Project("{FAE04EC0-301F-11D3-BF4B-00C04F79EFBC}") = "Trabalho26", "Trabalho26\Trabalho26.csproj", "{498362FF-84D2-4E25-9647-9E8D793ECFF6}"
EndProject
Project("{FAE04EC0-301F-11D3-BF4B-00C04F79EFBC}") = "Trabalho27", "Trabalho27\Trabalho27.csproj", "{887FCA16-0FE4-4A2A-90A3-5054459ED918}"
EndProject
Project("{FAE04EC0-301F-11D3-BF4B-00C04F79EFBC}") = "Trabalho28", "Trabalho28\Trabalho28.csproj", "{4BD049E8-B7FA-4631-80A6-DD9C571B5A90}"
EndProject
Project("{FAE04EC0-301F-11D3-BF4B-00C04F79EFBC}") = "Trabalho29", "Trabalho29\Trabalho29.csproj", "{C58B0DE9-BDDE-4976-9E78-33C1136C28D4}"
EndProject
Project("{FAE04EC0-301F-11D3-BF4B-00C04F79EFBC}") = "Trabalho30", "Trabalho30\Trabalho30.csproj", "{68A2E6E7-43A4-4FDB-905A-0AD5D2429C41}"
EndProject
Project("{FAE04EC0-301F-11D3-BF4B-00C04F79EFBC}") = "Trabalho31", "Trabalho31\Trabalho31.csproj", "{F48F357E-AC2D-4141-B620-F2A565E22679}"
EndProject
Project("{FAE04EC0-301F-11D3-BF4B-00C04F79EFBC}") = "Trabalho32", "Trabalho32\Trabalho32.csproj", "{8095FB00-182B-49DE-BC81-D21262209C12}"
EndProject
Project("{FAE04EC0-301F-11D3-BF4B-00C04F79EFBC}") = "Trabalho33", "Trabalho33\Trabalho33.csproj", "{50799121-26FF-42D2-B0C2-C16D30654F6A}"
EndProject
Project("{FAE04EC0-301F-11D3-BF4B-00C04F79EFBC}") = "Trabalho34", "Trabalho34\Trabalho34.csproj", "{847A5D8C-D568-490E-A6E6-BBD4E801B6BB}"
EndProject
Project("{FAE04EC0-301F-11D3-BF4B-00C04F79EFBC}") = "Trabalho35", "Trabalho35\Trabalho35.csproj", "{3FC33B93-6830-413E-BECB-6208301C79DC}"
EndProject
Project("{FAE04EC0-301F-11D3-BF4B-00C04F79EFBC}") = "Trabalho36", "Trabalho36\Trabalho36.csproj", "{9E293E5D-ED1F-4A9A-8F11-EEA6B484C100}"
EndProject
Project("{FAE04EC0-301F-11D3-BF4B-00C04F79EFBC}") = "Trabalho37", "Trabalho37\Trabalho37.csproj", "{2BE9C426-AF82-46E0-8A5E-F49956E598B8}"
EndProject
Project("{FAE04EC0-301F-11D3-BF4B-00C04F79EFBC}") = "Trabalho38", "Trabalh38\Trabalho38.csproj", "{1AE03544-0100-4A53-86EC-A83C4508F3C6}"
EndProject
Project("{FAE04EC0-301F-11D3-BF4B-00C04F79EFBC}") = "Trabalho39", "Trabalho39\Trabalho39.csproj", "{9B51C50D-3341-4B6E-87A7-EBC13D75DA77}"
EndProject
Global
	GlobalSection(SolutionConfigurationPlatforms) = preSolution
		Debug|Any CPU = Debug|Any CPU
		Release|Any CPU = Release|Any CPU
	EndGlobalSection
	GlobalSection(ProjectConfigurationPlatforms) = postSolution
		{067D3B8D-641D-45BB-9970-BB13D30BAB2E}.Debug|Any CPU.ActiveCfg = Debug|Any CPU
		{067D3B8D-641D-45BB-9970-BB13D30BAB2E}.Debug|Any CPU.Build.0 = Debug|Any CPU
		{067D3B8D-641D-45BB-9970-BB13D30BAB2E}.Release|Any CPU.ActiveCfg = Release|Any CPU
		{067D3B8D-641D-45BB-9970-BB13D30BAB2E}.Release|Any CPU.Build.0 = Release|Any CPU
		{4ACD76D6-B2A7-4D2E-A61D-179C3BFCCCB2}.Debug|Any CPU.ActiveCfg = Debug|Any CPU
		{4ACD76D6-B2A7-4D2E-A61D-179C3BFCCCB2}.Debug|Any CPU.Build.0 = Debug|Any CPU
		{4ACD76D6-B2A7-4D2E-A61D-179C3BFCCCB2}.Release|Any CPU.ActiveCfg = Release|Any CPU
		{4ACD76D6-B2A7-4D2E-A61D-179C3BFCCCB2}.Release|Any CPU.Build.0 = Release|Any CPU
		{BF251715-BDA4-4E14-B0D4-43604A4E0795}.Debug|Any CPU.ActiveCfg = Debug|Any CPU
		{BF251715-BDA4-4E14-B0D4-43604A4E0795}.Debug|Any CPU.Build.0 = Debug|Any CPU
		{BF251715-BDA4-4E14-B0D4-43604A4E0795}.Release|Any CPU.ActiveCfg = Release|Any CPU
		{BF251715-BDA4-4E14-B0D4-43604A4E0795}.Release|Any CPU.Build.0 = Release|Any CPU
		{86DE321D-2AAB-40A9-BDA7-244D18152FF7}.Debug|Any CPU.ActiveCfg = Debug|Any CPU
		{86DE321D-2AAB-40A9-BDA7-244D18152FF7}.Debug|Any CPU.Build.0 = Debug|Any CPU
		{86DE321D-2AAB-40A9-BDA7-244D18152FF7}.Release|Any CPU.ActiveCfg = Release|Any CPU
		{86DE321D-2AAB-40A9-BDA7-244D18152FF7}.Release|Any CPU.Build.0 = Release|Any CPU
		{E8294534-E811-43FA-8711-8F0386A62D54}.Debug|Any CPU.ActiveCfg = Debug|Any CPU
		{E8294534-E811-43FA-8711-8F0386A62D54}.Debug|Any CPU.Build.0 = Debug|Any CPU
		{E8294534-E811-43FA-8711-8F0386A62D54}.Release|Any CPU.ActiveCfg = Release|Any CPU
		{E8294534-E811-43FA-8711-8F0386A62D54}.Release|Any CPU.Build.0 = Release|Any CPU
		{7BA15A60-DBF0-4158-B5A1-EFA3376D0C16}.Debug|Any CPU.ActiveCfg = Debug|Any CPU
		{7BA15A60-DBF0-4158-B5A1-EFA3376D0C16}.Debug|Any CPU.Build.0 = Debug|Any CPU
		{7BA15A60-DBF0-4158-B5A1-EFA3376D0C16}.Release|Any CPU.ActiveCfg = Release|Any CPU
		{7BA15A60-DBF0-4158-B5A1-EFA3376D0C16}.Release|Any CPU.Build.0 = Release|Any CPU
		{36F9F369-8D35-4D17-A622-D77DC4672EA2}.Debug|Any CPU.ActiveCfg = Debug|Any CPU
		{36F9F369-8D35-4D17-A622-D77DC4672EA2}.Debug|Any CPU.Build.0 = Debug|Any CPU
		{36F9F369-8D35-4D17-A622-D77DC4672EA2}.Release|Any CPU.ActiveCfg = Release|Any CPU
		{36F9F369-8D35-4D17-A622-D77DC4672EA2}.Release|Any CPU.Build.0 = Release|Any CPU
		{E593E4F1-6E82-439D-8733-1E2F6C73E5D0}.Debug|Any CPU.ActiveCfg = Debug|Any CPU
		{E593E4F1-6E82-439D-8733-1E2F6C73E5D0}.Debug|Any CPU.Build.0 = Debug|Any CPU
		{E593E4F1-6E82-439D-8733-1E2F6C73E5D0}.Release|Any CPU.ActiveCfg = Release|Any CPU
		{E593E4F1-6E82-439D-8733-1E2F6C73E5D0}.Release|Any CPU.Build.0 = Release|Any CPU
		{4B7EBA2A-20A7-4B40-97BF-0F79407C2DBF}.Debug|Any CPU.ActiveCfg = Debug|Any CPU
		{4B7EBA2A-20A7-4B40-97BF-0F79407C2DBF}.Debug|Any CPU.Build.0 = Debug|Any CPU
		{4B7EBA2A-20A7-4B40-97BF-0F79407C2DBF}.Release|Any CPU.ActiveCfg = Release|Any CPU
		{4B7EBA2A-20A7-4B40-97BF-0F79407C2DBF}.Release|Any CPU.Build.0 = Release|Any CPU
		{757F263A-AC24-4E20-9282-827DFAC10C28}.Debug|Any CPU.ActiveCfg = Debug|Any CPU
		{757F263A-AC24-4E20-9282-827DFAC10C28}.Debug|Any CPU.Build.0 = Debug|Any CPU
		{757F263A-AC24-4E20-9282-827DFAC10C28}.Release|Any CPU.ActiveCfg = Release|Any CPU
		{757F263A-AC24-4E20-9282-827DFAC10C28}.Release|Any CPU.Build.0 = Release|Any CPU
		{F3B273E8-CAAD-4AB1-8AB2-EB4C535404B0}.Debug|Any CPU.ActiveCfg = Debug|Any CPU
		{F3B273E8-CAAD-4AB1-8AB2-EB4C535404B0}.Debug|Any CPU.Build.0 = Debug|Any CPU
		{F3B273E8-CAAD-4AB1-8AB2-EB4C535404B0}.Release|Any CPU.ActiveCfg = Release|Any CPU
		{F3B273E8-CAAD-4AB1-8AB2-EB4C535404B0}.Release|Any CPU.Build.0 = Release|Any CPU
		{9F92FC4F-6F37-4055-AA71-9EC8042451B7}.Debug|Any CPU.ActiveCfg = Debug|Any CPU
		{9F92FC4F-6F37-4055-AA71-9EC8042451B7}.Debug|Any CPU.Build.0 = Debug|Any CPU
		{9F92FC4F-6F37-4055-AA71-9EC8042451B7}.Release|Any CPU.ActiveCfg = Release|Any CPU
		{9F92FC4F-6F37-4055-AA71-9EC8042451B7}.Release|Any CPU.Build.0 = Release|Any CPU
		{C785C162-5972-4953-8341-04A74C507E9E}.Debug|Any CPU.ActiveCfg = Debug|Any CPU
		{C785C162-5972-4953-8341-04A74C507E9E}.Debug|Any CPU.Build.0 = Debug|Any CPU
		{C785C162-5972-4953-8341-04A74C507E9E}.Release|Any CPU.ActiveCfg = Release|Any CPU
		{C785C162-5972-4953-8341-04A74C507E9E}.Release|Any CPU.Build.0 = Release|Any CPU
		{CC1A5ED8-F28D-48FC-9958-987C51FF7759}.Debug|Any CPU.ActiveCfg = Debug|Any CPU
		{CC1A5ED8-F28D-48FC-9958-987C51FF7759}.Debug|Any CPU.Build.0 = Debug|Any CPU
		{CC1A5ED8-F28D-48FC-9958-987C51FF7759}.Release|Any CPU.ActiveCfg = Release|Any CPU
		{CC1A5ED8-F28D-48FC-9958-987C51FF7759}.Release|Any CPU.Build.0 = Release|Any CPU
		{41A2D170-3DA9-4880-8338-57310F9F1265}.Debug|Any CPU.ActiveCfg = Debug|Any CPU
		{41A2D170-3DA9-4880-8338-57310F9F1265}.Debug|Any CPU.Build.0 = Debug|Any CPU
		{41A2D170-3DA9-4880-8338-57310F9F1265}.Release|Any CPU.ActiveCfg = Release|Any CPU
		{41A2D170-3DA9-4880-8338-57310F9F1265}.Release|Any CPU.Build.0 = Release|Any CPU
		{F1F0F3E9-61D5-4026-AA6D-D336C21F91DA}.Debug|Any CPU.ActiveCfg = Debug|Any CPU
		{F1F0F3E9-61D5-4026-AA6D-D336C21F91DA}.Debug|Any CPU.Build.0 = Debug|Any CPU
		{F1F0F3E9-61D5-4026-AA6D-D336C21F91DA}.Release|Any CPU.ActiveCfg = Release|Any CPU
		{F1F0F3E9-61D5-4026-AA6D-D336C21F91DA}.Release|Any CPU.Build.0 = Release|Any CPU
		{F975F688-DDB4-40B2-885D-5A45348FDBF9}.Debug|Any CPU.ActiveCfg = Debug|Any CPU
		{F975F688-DDB4-40B2-885D-5A45348FDBF9}.Debug|Any CPU.Build.0 = Debug|Any CPU
		{F975F688-DDB4-40B2-885D-5A45348FDBF9}.Release|Any CPU.ActiveCfg = Release|Any CPU
		{F975F688-DDB4-40B2-885D-5A45348FDBF9}.Release|Any CPU.Build.0 = Release|Any CPU
		{5CACE8BD-7E99-4F40-A761-A64CDA3049A2}.Debug|Any CPU.ActiveCfg = Debug|Any CPU
		{5CACE8BD-7E99-4F40-A761-A64CDA3049A2}.Debug|Any CPU.Build.0 = Debug|Any CPU
		{5CACE8BD-7E99-4F40-A761-A64CDA3049A2}.Release|Any CPU.ActiveCfg = Release|Any CPU
		{5CACE8BD-7E99-4F40-A761-A64CDA3049A2}.Release|Any CPU.Build.0 = Release|Any CPU
		{498362FF-84D2-4E25-9647-9E8D793ECFF6}.Debug|Any CPU.ActiveCfg = Debug|Any CPU
		{498362FF-84D2-4E25-9647-9E8D793ECFF6}.Debug|Any CPU.Build.0 = Debug|Any CPU
		{498362FF-84D2-4E25-9647-9E8D793ECFF6}.Release|Any CPU.ActiveCfg = Release|Any CPU
		{498362FF-84D2-4E25-9647-9E8D793ECFF6}.Release|Any CPU.Build.0 = Release|Any CPU
		{887FCA16-0FE4-4A2A-90A3-5054459ED918}.Debug|Any CPU.ActiveCfg = Debug|Any CPU
		{887FCA16-0FE4-4A2A-90A3-5054459ED918}.Debug|Any CPU.Build.0 = Debug|Any CPU
		{887FCA16-0FE4-4A2A-90A3-5054459ED918}.Release|Any CPU.ActiveCfg = Release|Any CPU
		{887FCA16-0FE4-4A2A-90A3-5054459ED918}.Release|Any CPU.Build.0 = Release|Any CPU
		{4BD049E8-B7FA-4631-80A6-DD9C571B5A90}.Debug|Any CPU.ActiveCfg = Debug|Any CPU
		{4BD049E8-B7FA-4631-80A6-DD9C571B5A90}.Debug|Any CPU.Build.0 = Debug|Any CPU
		{4BD049E8-B7FA-4631-80A6-DD9C571B5A90}.Release|Any CPU.ActiveCfg = Release|Any CPU
		{4BD049E8-B7FA-4631-80A6-DD9C571B5A90}.Release|Any CPU.Build.0 = Release|Any CPU
		{C58B0DE9-BDDE-4976-9E78-33C1136C28D4}.Debug|Any CPU.ActiveCfg = Debug|Any CPU
		{C58B0DE9-BDDE-4976-9E78-33C1136C28D4}.Debug|Any CPU.Build.0 = Debug|Any CPU
		{C58B0DE9-BDDE-4976-9E78-33C1136C28D4}.Release|Any CPU.ActiveCfg = Release|Any CPU
		{C58B0DE9-BDDE-4976-9E78-33C1136C28D4}.Release|Any CPU.Build.0 = Release|Any CPU
		{68A2E6E7-43A4-4FDB-905A-0AD5D2429C41}.Debug|Any CPU.ActiveCfg = Debug|Any CPU
		{68A2E6E7-43A4-4FDB-905A-0AD5D2429C41}.Debug|Any CPU.Build.0 = Debug|Any CPU
		{68A2E6E7-43A4-4FDB-905A-0AD5D2429C41}.Release|Any CPU.ActiveCfg = Release|Any CPU
		{68A2E6E7-43A4-4FDB-905A-0AD5D2429C41}.Release|Any CPU.Build.0 = Release|Any CPU
		{F48F357E-AC2D-4141-B620-F2A565E22679}.Debug|Any CPU.ActiveCfg = Debug|Any CPU
		{F48F357E-AC2D-4141-B620-F2A565E22679}.Debug|Any CPU.Build.0 = Debug|Any CPU
		{F48F357E-AC2D-4141-B620-F2A565E22679}.Release|Any CPU.ActiveCfg = Release|Any CPU
		{F48F357E-AC2D-4141-B620-F2A565E22679}.Release|Any CPU.Build.0 = Release|Any CPU
		{8095FB00-182B-49DE-BC81-D21262209C12}.Debug|Any CPU.ActiveCfg = Debug|Any CPU
		{8095FB00-182B-49DE-BC81-D21262209C12}.Debug|Any CPU.Build.0 = Debug|Any CPU
		{8095FB00-182B-49DE-BC81-D21262209C12}.Release|Any CPU.ActiveCfg = Release|Any CPU
		{8095FB00-182B-49DE-BC81-D21262209C12}.Release|Any CPU.Build.0 = Release|Any CPU
		{50799121-26FF-42D2-B0C2-C16D30654F6A}.Debug|Any CPU.ActiveCfg = Debug|Any CPU
		{50799121-26FF-42D2-B0C2-C16D30654F6A}.Debug|Any CPU.Build.0 = Debug|Any CPU
		{50799121-26FF-42D2-B0C2-C16D30654F6A}.Release|Any CPU.ActiveCfg = Release|Any CPU
		{50799121-26FF-42D2-B0C2-C16D30654F6A}.Release|Any CPU.Build.0 = Release|Any CPU
		{847A5D8C-D568-490E-A6E6-BBD4E801B6BB}.Debug|Any CPU.ActiveCfg = Debug|Any CPU
		{847A5D8C-D568-490E-A6E6-BBD4E801B6BB}.Debug|Any CPU.Build.0 = Debug|Any CPU
		{847A5D8C-D568-490E-A6E6-BBD4E801B6BB}.Release|Any CPU.ActiveCfg = Release|Any CPU
		{847A5D8C-D568-490E-A6E6-BBD4E801B6BB}.Release|Any CPU.Build.0 = Release|Any CPU
		{3FC33B93-6830-413E-BECB-6208301C79DC}.Debug|Any CPU.ActiveCfg = Debug|Any CPU
		{3FC33B93-6830-413E-BECB-6208301C79DC}.Debug|Any CPU.Build.0 = Debug|Any CPU
		{3FC33B93-6830-413E-BECB-6208301C79DC}.Release|Any CPU.ActiveCfg = Release|Any CPU
		{3FC33B93-6830-413E-BECB-6208301C79DC}.Release|Any CPU.Build.0 = Release|Any CPU
		{9E293E5D-ED1F-4A9A-8F11-EEA6B484C100}.Debug|Any CPU.ActiveCfg = Debug|Any CPU
		{9E293E5D-ED1F-4A9A-8F11-EEA6B484C100}.Debug|Any CPU.Build.0 = Debug|Any CPU
		{9E293E5D-ED1F-4A9A-8F11-EEA6B484C100}.Release|Any CPU.ActiveCfg = Release|Any CPU
		{9E293E5D-ED1F-4A9A-8F11-EEA6B484C100}.Release|Any CPU.Build.0 = Release|Any CPU
		{2BE9C426-AF82-46E0-8A5E-F49956E598B8}.Debug|Any CPU.ActiveCfg = Debug|Any CPU
		{2BE9C426-AF82-46E0-8A5E-F49956E598B8}.Debug|Any CPU.Build.0 = Debug|Any CPU
		{2BE9C426-AF82-46E0-8A5E-F49956E598B8}.Release|Any CPU.ActiveCfg = Release|Any CPU
		{2BE9C426-AF82-46E0-8A5E-F49956E598B8}.Release|Any CPU.Build.0 = Release|Any CPU
		{1AE03544-0100-4A53-86EC-A83C4508F3C6}.Debug|Any CPU.ActiveCfg = Debug|Any CPU
		{1AE03544-0100-4A53-86EC-A83C4508F3C6}.Debug|Any CPU.Build.0 = Debug|Any CPU
		{1AE03544-0100-4A53-86EC-A83C4508F3C6}.Release|Any CPU.ActiveCfg = Release|Any CPU
		{1AE03544-0100-4A53-86EC-A83C4508F3C6}.Release|Any CPU.Build.0 = Release|Any CPU
		{9B51C50D-3341-4B6E-87A7-EBC13D75DA77}.Debug|Any CPU.ActiveCfg = Debug|Any CPU
		{9B51C50D-3341-4B6E-87A7-EBC13D75DA77}.Debug|Any CPU.Build.0 = Debug|Any CPU
		{9B51C50D-3341-4B6E-87A7-EBC13D75DA77}.Release|Any CPU.ActiveCfg = Release|Any CPU
		{9B51C50D-3341-4B6E-87A7-EBC13D75DA77}.Release|Any CPU.Build.0 = Release|Any CPU
	EndGlobalSection
	GlobalSection(SolutionProperties) = preSolution
		HideSolutionNode = FALSE
	EndGlobalSection
	GlobalSection(ExtensibilityGlobals) = postSolution
		SolutionGuid = {512AC564-58CA-46EE-9865-42300DBB7121}
	EndGlobalSection
EndGlobal
